
Microsoft Visual Studio Solution File, Format Version 12.00
Project("{FAE04EC0-301F-11D3-BF4B-00C04F79EFBC}") = "Examen1App", "Examen1App\Examen1App.csproj", "{11004394-8407-42B0-B757-8E821FA69240}"
EndProject
Project("{FAE04EC0-301F-11D3-BF4B-00C04F79EFBC}") = "Examen1Lib", "Examen1Lib\Examen1Lib.csproj", "{609BB411-0E0A-4648-A165-22D7C4F97728}"
EndProject
Global
	GlobalSection(SolutionConfigurationPlatforms) = preSolution
		Debug|Any CPU = Debug|Any CPU
		Release|Any CPU = Release|Any CPU
	EndGlobalSection
	GlobalSection(ProjectConfigurationPlatforms) = postSolution
		{11004394-8407-42B0-B757-8E821FA69240}.Debug|Any CPU.ActiveCfg = Debug|Any CPU
		{11004394-8407-42B0-B757-8E821FA69240}.Debug|Any CPU.Build.0 = Debug|Any CPU
		{11004394-8407-42B0-B757-8E821FA69240}.Release|Any CPU.ActiveCfg = Release|Any CPU
		{11004394-8407-42B0-B757-8E821FA69240}.Release|Any CPU.Build.0 = Release|Any CPU
		{609BB411-0E0A-4648-A165-22D7C4F97728}.Debug|Any CPU.ActiveCfg = Debug|Any CPU
		{609BB411-0E0A-4648-A165-22D7C4F97728}.Debug|Any CPU.Build.0 = Debug|Any CPU
		{609BB411-0E0A-4648-A165-22D7C4F97728}.Release|Any CPU.ActiveCfg = Release|Any CPU
		{609BB411-0E0A-4648-A165-22D7C4F97728}.Release|Any CPU.Build.0 = Release|Any CPU
	EndGlobalSection
EndGlobal
